
Microsoft Visual Studio Solution File, Format Version 12.00
# Visual Studio Express 2012 for Windows Desktop
Project("{FAE04EC0-301F-11D3-BF4B-00C04F79EFBC}") = "DeckOfCards", "DeckOfCardsExercise\DeckOfCards.csproj", "{A745C41D-1E5A-4D64-9F47-B20266ACF3E0}"
EndProject
Project("{FAE04EC0-301F-11D3-BF4B-00C04F79EFBC}") = "DeckOfCardsUnitTest", "CardUnitTestProject\DeckOfCardsUnitTest.csproj", "{143B1A82-87F0-434B-A3C1-53E614686E55}"
EndProject
Global
	GlobalSection(SolutionConfigurationPlatforms) = preSolution
		Debug|Any CPU = Debug|Any CPU
		Release|Any CPU = Release|Any CPU
	EndGlobalSection
	GlobalSection(ProjectConfigurationPlatforms) = postSolution
		{A745C41D-1E5A-4D64-9F47-B20266ACF3E0}.Debug|Any CPU.ActiveCfg = Debug|Any CPU
		{A745C41D-1E5A-4D64-9F47-B20266ACF3E0}.Debug|Any CPU.Build.0 = Debug|Any CPU
		{A745C41D-1E5A-4D64-9F47-B20266ACF3E0}.Release|Any CPU.ActiveCfg = Release|Any CPU
		{A745C41D-1E5A-4D64-9F47-B20266ACF3E0}.Release|Any CPU.Build.0 = Release|Any CPU
		{143B1A82-87F0-434B-A3C1-53E614686E55}.Debug|Any CPU.ActiveCfg = Debug|Any CPU
		{143B1A82-87F0-434B-A3C1-53E614686E55}.Debug|Any CPU.Build.0 = Debug|Any CPU
		{143B1A82-87F0-434B-A3C1-53E614686E55}.Release|Any CPU.ActiveCfg = Release|Any CPU
		{143B1A82-87F0-434B-A3C1-53E614686E55}.Release|Any CPU.Build.0 = Release|Any CPU
	EndGlobalSection
	GlobalSection(SolutionProperties) = preSolution
		HideSolutionNode = FALSE
	EndGlobalSection
EndGlobal
